{
  "sources": {
    "yum": {
      "locked_version": "3.1.0"
    },
    "git": {
      "locked_version": "2.9.0"
    },
    "rbenv": {
      "locked_version": "0.7.3",
      "git": "git://github.com/fnichol/chef-rbenv.git",
      "ref": "9afb4e5da2e6212504a12de3bbbd410cd96100f6"
    },
    "nodejs": {
      "locked_version": "1.3.0",
      "git": "https://github.com/mdxp/nodejs-cookbook.git",
      "ref": "4c685529e7a8db0222b17407367e8b309afd3137"
    },
    "dmg": {
      "locked_version": "2.1.4"
    },
    "build-essential": {
      "locked_version": "1.4.2"
    },
    "windows": {
      "locked_version": "1.30.0"
    },
    "chef_handler": {
      "locked_version": "1.1.4"
    },
    "runit": {
      "locked_version": "1.5.8"
    },
    "yum-epel": {
      "locked_version": "0.3.4"
    },
    "ruby_build": {
      "locked_version": "0.8.0"
    },
    "java": {
      "locked_version": "1.19.2"
    },
    "apt": {
      "locked_version": "2.3.8"
    }
  }
}
